// !$*UTF8*$!
{
	archiveVersion = 1;
	classes = {
	};
	objectVersion = 56;
	objects = {

/* Begin PBXBuildFile section */
		C535AD282B11F4F6005A54CA /* Ticket.storyboard in Resources */ = {isa = PBXBuildFile; fileRef = C535AD272B11F4F6005A54CA /* Ticket.storyboard */; };
		C535AD2B2B11F5E3005A54CA /* SignUpViewController.swift in Sources */ = {isa = PBXBuildFile; fileRef = C535AD2A2B11F5E2005A54CA /* SignUpViewController.swift */; };
		C535AD2D2B11F6B5005A54CA /* TicketViewController.swift in Sources */ = {isa = PBXBuildFile; fileRef = C535AD2C2B11F6B5005A54CA /* TicketViewController.swift */; };
		C535AD2F2B11F6E0005A54CA /* LogInViewController.swift in Sources */ = {isa = PBXBuildFile; fileRef = C535AD2E2B11F6E0005A54CA /* LogInViewController.swift */; };
		C535AD322B11F732005A54CA /* MakeGradientToButton.swift in Sources */ = {isa = PBXBuildFile; fileRef = C535AD312B11F732005A54CA /* MakeGradientToButton.swift */; };
		C535AD362B182238005A54CA /* Calculator.storyboard in Resources */ = {isa = PBXBuildFile; fileRef = C535AD352B182238005A54CA /* Calculator.storyboard */; };
		C535AD382B182249005A54CA /* CalculatorViewController.swift in Sources */ = {isa = PBXBuildFile; fileRef = C535AD372B182249005A54CA /* CalculatorViewController.swift */; };
		C535AD8C2B1EC248005A54CA /* extensionUIVc.swift in Sources */ = {isa = PBXBuildFile; fileRef = C535AD8B2B1EC248005A54CA /* extensionUIVc.swift */; };
		C535AD8E2B1EC284005A54CA /* appStoryBoard.swift in Sources */ = {isa = PBXBuildFile; fileRef = C535AD8D2B1EC284005A54CA /* appStoryBoard.swift */; };
		C535AD902B1F0C35005A54CA /* ProjectTableViewCell.swift in Sources */ = {isa = PBXBuildFile; fileRef = C535AD8F2B1F0C35005A54CA /* ProjectTableViewCell.swift */; };
		C535AD932B1F11A0005A54CA /* Project.swift in Sources */ = {isa = PBXBuildFile; fileRef = C535AD922B1F11A0005A54CA /* Project.swift */; };
		C535AD952B1F11D4005A54CA /* projectData.swift in Sources */ = {isa = PBXBuildFile; fileRef = C535AD942B1F11D4005A54CA /* projectData.swift */; };
		C535ADA02B201ECA005A54CA /* codableExt.swift in Sources */ = {isa = PBXBuildFile; fileRef = C535AD9F2B201ECA005A54CA /* codableExt.swift */; };
		C535ADA72B24BD5A005A54CA /* Movie.storyboard in Resources */ = {isa = PBXBuildFile; fileRef = C535ADA62B24BD5A005A54CA /* Movie.storyboard */; };
		C535ADA92B24BD75005A54CA /* MovieViewController.swift in Sources */ = {isa = PBXBuildFile; fileRef = C535ADA82B24BD75005A54CA /* MovieViewController.swift */; };
		C535ADAB2B24BE1A005A54CA /* MovieCustomCell.swift in Sources */ = {isa = PBXBuildFile; fileRef = C535ADAA2B24BE1A005A54CA /* MovieCustomCell.swift */; };
		C535ADAE2B24BE53005A54CA /* Movie.swift in Sources */ = {isa = PBXBuildFile; fileRef = C535ADAD2B24BE53005A54CA /* Movie.swift */; };
		C535ADB02B24BE70005A54CA /* movieData.swift in Sources */ = {isa = PBXBuildFile; fileRef = C535ADAF2B24BE70005A54CA /* movieData.swift */; };
		C59B54042B11E62A00313C93 /* AppDelegate.swift in Sources */ = {isa = PBXBuildFile; fileRef = C59B54032B11E62A00313C93 /* AppDelegate.swift */; };
		C59B54062B11E62A00313C93 /* SceneDelegate.swift in Sources */ = {isa = PBXBuildFile; fileRef = C59B54052B11E62A00313C93 /* SceneDelegate.swift */; };
		C59B54082B11E62A00313C93 /* ViewController.swift in Sources */ = {isa = PBXBuildFile; fileRef = C59B54072B11E62A00313C93 /* ViewController.swift */; };
		C59B540B2B11E62A00313C93 /* Main.storyboard in Resources */ = {isa = PBXBuildFile; fileRef = C59B54092B11E62A00313C93 /* Main.storyboard */; };
		C59B540D2B11E62C00313C93 /* Assets.xcassets in Resources */ = {isa = PBXBuildFile; fileRef = C59B540C2B11E62C00313C93 /* Assets.xcassets */; };
		C59B54102B11E62C00313C93 /* LaunchScreen.storyboard in Resources */ = {isa = PBXBuildFile; fileRef = C59B540E2B11E62C00313C93 /* LaunchScreen.storyboard */; };
		C59B541B2B11E62C00313C93 /* ui_kitTests.swift in Sources */ = {isa = PBXBuildFile; fileRef = C59B541A2B11E62C00313C93 /* ui_kitTests.swift */; };
		C59B54252B11E62C00313C93 /* ui_kitUITests.swift in Sources */ = {isa = PBXBuildFile; fileRef = C59B54242B11E62C00313C93 /* ui_kitUITests.swift */; };
		C59B54272B11E62C00313C93 /* ui_kitUITestsLaunchTests.swift in Sources */ = {isa = PBXBuildFile; fileRef = C59B54262B11E62C00313C93 /* ui_kitUITestsLaunchTests.swift */; };
/* End PBXBuildFile section */

/* Begin PBXContainerItemProxy section */
		C59B54172B11E62C00313C93 /* PBXContainerItemProxy */ = {
			isa = PBXContainerItemProxy;
			containerPortal = C59B53F82B11E62A00313C93 /* Project object */;
			proxyType = 1;
			remoteGlobalIDString = C59B53FF2B11E62A00313C93;
			remoteInfo = ui_kit;
		};
		C59B54212B11E62C00313C93 /* PBXContainerItemProxy */ = {
			isa = PBXContainerItemProxy;
			containerPortal = C59B53F82B11E62A00313C93 /* Project object */;
			proxyType = 1;
			remoteGlobalIDString = C59B53FF2B11E62A00313C93;
			remoteInfo = ui_kit;
		};
/* End PBXContainerItemProxy section */

/* Begin PBXFileReference section */
		C535AD272B11F4F6005A54CA /* Ticket.storyboard */ = {isa = PBXFileReference; lastKnownFileType = file.storyboard; path = Ticket.storyboard; sourceTree = "<group>"; };
		C535AD2A2B11F5E2005A54CA /* SignUpViewController.swift */ = {isa = PBXFileReference; lastKnownFileType = sourcecode.swift; path = SignUpViewController.swift; sourceTree = "<group>"; };
		C535AD2C2B11F6B5005A54CA /* TicketViewController.swift */ = {isa = PBXFileReference; lastKnownFileType = sourcecode.swift; path = TicketViewController.swift; sourceTree = "<group>"; };
		C535AD2E2B11F6E0005A54CA /* LogInViewController.swift */ = {isa = PBXFileReference; lastKnownFileType = sourcecode.swift; path = LogInViewController.swift; sourceTree = "<group>"; };
		C535AD312B11F732005A54CA /* MakeGradientToButton.swift */ = {isa = PBXFileReference; lastKnownFileType = sourcecode.swift; path = MakeGradientToButton.swift; sourceTree = "<group>"; };
		C535AD352B182238005A54CA /* Calculator.storyboard */ = {isa = PBXFileReference; lastKnownFileType = file.storyboard; path = Calculator.storyboard; sourceTree = "<group>"; };
		C535AD372B182249005A54CA /* CalculatorViewController.swift */ = {isa = PBXFileReference; lastKnownFileType = sourcecode.swift; path = CalculatorViewController.swift; sourceTree = "<group>"; };
		C535AD8B2B1EC248005A54CA /* extensionUIVc.swift */ = {isa = PBXFileReference; lastKnownFileType = sourcecode.swift; path = extensionUIVc.swift; sourceTree = "<group>"; };
		C535AD8D2B1EC284005A54CA /* appStoryBoard.swift */ = {isa = PBXFileReference; lastKnownFileType = sourcecode.swift; path = appStoryBoard.swift; sourceTree = "<group>"; };
		C535AD8F2B1F0C35005A54CA /* ProjectTableViewCell.swift */ = {isa = PBXFileReference; lastKnownFileType = sourcecode.swift; path = ProjectTableViewCell.swift; sourceTree = "<group>"; };
		C535AD922B1F11A0005A54CA /* Project.swift */ = {isa = PBXFileReference; lastKnownFileType = sourcecode.swift; path = Project.swift; sourceTree = "<group>"; };
		C535AD942B1F11D4005A54CA /* projectData.swift */ = {isa = PBXFileReference; lastKnownFileType = sourcecode.swift; path = projectData.swift; sourceTree = "<group>"; };
		C535AD9F2B201ECA005A54CA /* codableExt.swift */ = {isa = PBXFileReference; lastKnownFileType = sourcecode.swift; path = codableExt.swift; sourceTree = "<group>"; };
		C535ADA62B24BD5A005A54CA /* Movie.storyboard */ = {isa = PBXFileReference; lastKnownFileType = file.storyboard; path = Movie.storyboard; sourceTree = "<group>"; };
		C535ADA82B24BD75005A54CA /* MovieViewController.swift */ = {isa = PBXFileReference; lastKnownFileType = sourcecode.swift; path = MovieViewController.swift; sourceTree = "<group>"; };
		C535ADAA2B24BE1A005A54CA /* MovieCustomCell.swift */ = {isa = PBXFileReference; lastKnownFileType = sourcecode.swift; path = MovieCustomCell.swift; sourceTree = "<group>"; };
		C535ADAD2B24BE53005A54CA /* Movie.swift */ = {isa = PBXFileReference; lastKnownFileType = sourcecode.swift; path = Movie.swift; sourceTree = "<group>"; };
		C535ADAF2B24BE70005A54CA /* movieData.swift */ = {isa = PBXFileReference; lastKnownFileType = sourcecode.swift; path = movieData.swift; sourceTree = "<group>"; };
		C59B54002B11E62A00313C93 /* ui_kit.app */ = {isa = PBXFileReference; explicitFileType = wrapper.application; includeInIndex = 0; path = ui_kit.app; sourceTree = BUILT_PRODUCTS_DIR; };
		C59B54032B11E62A00313C93 /* AppDelegate.swift */ = {isa = PBXFileReference; lastKnownFileType = sourcecode.swift; path = AppDelegate.swift; sourceTree = "<group>"; };
		C59B54052B11E62A00313C93 /* SceneDelegate.swift */ = {isa = PBXFileReference; lastKnownFileType = sourcecode.swift; path = SceneDelegate.swift; sourceTree = "<group>"; };
		C59B54072B11E62A00313C93 /* ViewController.swift */ = {isa = PBXFileReference; lastKnownFileType = sourcecode.swift; path = ViewController.swift; sourceTree = "<group>"; };
		C59B540A2B11E62A00313C93 /* Base */ = {isa = PBXFileReference; lastKnownFileType = file.storyboard; name = Base; path = Base.lproj/Main.storyboard; sourceTree = "<group>"; };
		C59B540C2B11E62C00313C93 /* Assets.xcassets */ = {isa = PBXFileReference; lastKnownFileType = folder.assetcatalog; path = Assets.xcassets; sourceTree = "<group>"; };
		C59B540F2B11E62C00313C93 /* Base */ = {isa = PBXFileReference; lastKnownFileType = file.storyboard; name = Base; path = Base.lproj/LaunchScreen.storyboard; sourceTree = "<group>"; };
		C59B54112B11E62C00313C93 /* Info.plist */ = {isa = PBXFileReference; lastKnownFileType = text.plist.xml; path = Info.plist; sourceTree = "<group>"; };
		C59B54162B11E62C00313C93 /* ui_kitTests.xctest */ = {isa = PBXFileReference; explicitFileType = wrapper.cfbundle; includeInIndex = 0; path = ui_kitTests.xctest; sourceTree = BUILT_PRODUCTS_DIR; };
		C59B541A2B11E62C00313C93 /* ui_kitTests.swift */ = {isa = PBXFileReference; lastKnownFileType = sourcecode.swift; path = ui_kitTests.swift; sourceTree = "<group>"; };
		C59B54202B11E62C00313C93 /* ui_kitUITests.xctest */ = {isa = PBXFileReference; explicitFileType = wrapper.cfbundle; includeInIndex = 0; path = ui_kitUITests.xctest; sourceTree = BUILT_PRODUCTS_DIR; };
		C59B54242B11E62C00313C93 /* ui_kitUITests.swift */ = {isa = PBXFileReference; lastKnownFileType = sourcecode.swift; path = ui_kitUITests.swift; sourceTree = "<group>"; };
		C59B54262B11E62C00313C93 /* ui_kitUITestsLaunchTests.swift */ = {isa = PBXFileReference; lastKnownFileType = sourcecode.swift; path = ui_kitUITestsLaunchTests.swift; sourceTree = "<group>"; };
/* End PBXFileReference section */

/* Begin PBXFrameworksBuildPhase section */
		C59B53FD2B11E62A00313C93 /* Frameworks */ = {
			isa = PBXFrameworksBuildPhase;
			buildActionMask = 2147483647;
			files = (
			);
			runOnlyForDeploymentPostprocessing = 0;
		};
		C59B54132B11E62C00313C93 /* Frameworks */ = {
			isa = PBXFrameworksBuildPhase;
			buildActionMask = 2147483647;
			files = (
			);
			runOnlyForDeploymentPostprocessing = 0;
		};
		C59B541D2B11E62C00313C93 /* Frameworks */ = {
			isa = PBXFrameworksBuildPhase;
			buildActionMask = 2147483647;
			files = (
			);
			runOnlyForDeploymentPostprocessing = 0;
		};
/* End PBXFrameworksBuildPhase section */

/* Begin PBXGroup section */
		C535AD242B11F480005A54CA /* main */ = {
			isa = PBXGroup;
			children = (
				C535AD912B1F0D62005A54CA /* model */,
				C535AD252B11F48D005A54CA /* viewController */,
				C59B54092B11E62A00313C93 /* Main.storyboard */,
			);
			path = main;
			sourceTree = "<group>";
		};
		C535AD252B11F48D005A54CA /* viewController */ = {
			isa = PBXGroup;
			children = (
				C59B54072B11E62A00313C93 /* ViewController.swift */,
				C535AD8F2B1F0C35005A54CA /* ProjectTableViewCell.swift */,
			);
			path = viewController;
			sourceTree = "<group>";
		};
		C535AD262B11F4C9005A54CA /* ticket */ = {
			isa = PBXGroup;
			children = (
				C535AD292B11F52C005A54CA /* viewController */,
				C535AD272B11F4F6005A54CA /* Ticket.storyboard */,
			);
			path = ticket;
			sourceTree = "<group>";
		};
		C535AD292B11F52C005A54CA /* viewController */ = {
			isa = PBXGroup;
			children = (
				C535AD2A2B11F5E2005A54CA /* SignUpViewController.swift */,
				C535AD2C2B11F6B5005A54CA /* TicketViewController.swift */,
				C535AD2E2B11F6E0005A54CA /* LogInViewController.swift */,
			);
			path = viewController;
			sourceTree = "<group>";
		};
		C535AD302B11F70D005A54CA /* ui */ = {
			isa = PBXGroup;
			children = (
				C535AD312B11F732005A54CA /* MakeGradientToButton.swift */,
				C535AD8D2B1EC284005A54CA /* appStoryBoard.swift */,
			);
			path = ui;
			sourceTree = "<group>";
		};
		C535AD332B182216005A54CA /* calculator */ = {
			isa = PBXGroup;
			children = (
				C535AD342B182224005A54CA /* viewController */,
				C535AD352B182238005A54CA /* Calculator.storyboard */,
			);
			path = calculator;
			sourceTree = "<group>";
		};
		C535AD342B182224005A54CA /* viewController */ = {
			isa = PBXGroup;
			children = (
				C535AD372B182249005A54CA /* CalculatorViewController.swift */,
			);
			path = viewController;
			sourceTree = "<group>";
		};
		C535AD912B1F0D62005A54CA /* model */ = {
			isa = PBXGroup;
			children = (
				C535AD922B1F11A0005A54CA /* Project.swift */,
			);
			path = model;
			sourceTree = "<group>";
		};
		C535AD9E2B201E58005A54CA /* extension */ = {
			isa = PBXGroup;
			children = (
				C535AD8B2B1EC248005A54CA /* extensionUIVc.swift */,
				C535AD9F2B201ECA005A54CA /* codableExt.swift */,
			);
			path = extension;
			sourceTree = "<group>";
		};
		C535ADA12B201F2B005A54CA /* data */ = {
			isa = PBXGroup;
			children = (
				C535AD942B1F11D4005A54CA /* projectData.swift */,
				C535ADAF2B24BE70005A54CA /* movieData.swift */,
			);
			path = data;
			sourceTree = "<group>";
		};
		C535ADA42B24BD1E005A54CA /* movie */ = {
			isa = PBXGroup;
			children = (
				C535ADAC2B24BE3C005A54CA /* movie */,
				C535ADA52B24BD46005A54CA /* viewController */,
				C535ADA62B24BD5A005A54CA /* Movie.storyboard */,
			);
			path = movie;
			sourceTree = "<group>";
		};
		C535ADA52B24BD46005A54CA /* viewController */ = {
			isa = PBXGroup;
			children = (
				C535ADA82B24BD75005A54CA /* MovieViewController.swift */,
				C535ADAA2B24BE1A005A54CA /* MovieCustomCell.swift */,
			);
			path = viewController;
			sourceTree = "<group>";
		};
		C535ADAC2B24BE3C005A54CA /* movie */ = {
			isa = PBXGroup;
			children = (
				C535ADAD2B24BE53005A54CA /* Movie.swift */,
			);
			path = movie;
			sourceTree = "<group>";
		};
		C59B53F72B11E62A00313C93 = {
			isa = PBXGroup;
			children = (
				C59B54022B11E62A00313C93 /* ui_kit */,
				C59B54192B11E62C00313C93 /* ui_kitTests */,
				C59B54232B11E62C00313C93 /* ui_kitUITests */,
				C59B54012B11E62A00313C93 /* Products */,
			);
			sourceTree = "<group>";
		};
		C59B54012B11E62A00313C93 /* Products */ = {
			isa = PBXGroup;
			children = (
				C59B54002B11E62A00313C93 /* ui_kit.app */,
				C59B54162B11E62C00313C93 /* ui_kitTests.xctest */,
				C59B54202B11E62C00313C93 /* ui_kitUITests.xctest */,
			);
			name = Products;
			sourceTree = "<group>";
		};
		C59B54022B11E62A00313C93 /* ui_kit */ = {
			isa = PBXGroup;
			children = (
				C535AD9E2B201E58005A54CA /* extension */,
				C535AD302B11F70D005A54CA /* ui */,
				C535ADA12B201F2B005A54CA /* data */,
				C535AD332B182216005A54CA /* calculator */,
				C535AD262B11F4C9005A54CA /* ticket */,
				C535ADA42B24BD1E005A54CA /* movie */,
				C535AD242B11F480005A54CA /* main */,
				C59B54032B11E62A00313C93 /* AppDelegate.swift */,
				C59B54052B11E62A00313C93 /* SceneDelegate.swift */,
				C59B540C2B11E62C00313C93 /* Assets.xcassets */,
				C59B540E2B11E62C00313C93 /* LaunchScreen.storyboard */,
				C59B54112B11E62C00313C93 /* Info.plist */,
			);
			path = ui_kit;
			sourceTree = "<group>";
		};
		C59B54192B11E62C00313C93 /* ui_kitTests */ = {
			isa = PBXGroup;
			children = (
				C59B541A2B11E62C00313C93 /* ui_kitTests.swift */,
			);
			path = ui_kitTests;
			sourceTree = "<group>";
		};
		C59B54232B11E62C00313C93 /* ui_kitUITests */ = {
			isa = PBXGroup;
			children = (
				C59B54242B11E62C00313C93 /* ui_kitUITests.swift */,
				C59B54262B11E62C00313C93 /* ui_kitUITestsLaunchTests.swift */,
			);
			path = ui_kitUITests;
			sourceTree = "<group>";
		};
/* End PBXGroup section */

/* Begin PBXNativeTarget section */
		C59B53FF2B11E62A00313C93 /* ui_kit */ = {
			isa = PBXNativeTarget;
			buildConfigurationList = C59B542A2B11E62C00313C93 /* Build configuration list for PBXNativeTarget "ui_kit" */;
			buildPhases = (
				C59B53FC2B11E62A00313C93 /* Sources */,
				C59B53FD2B11E62A00313C93 /* Frameworks */,
				C59B53FE2B11E62A00313C93 /* Resources */,
			);
			buildRules = (
			);
			dependencies = (
			);
			name = ui_kit;
			packageProductDependencies = (
			);
			productName = ui_kit;
			productReference = C59B54002B11E62A00313C93 /* ui_kit.app */;
			productType = "com.apple.product-type.application";
		};
		C59B54152B11E62C00313C93 /* ui_kitTests */ = {
			isa = PBXNativeTarget;
			buildConfigurationList = C59B542D2B11E62C00313C93 /* Build configuration list for PBXNativeTarget "ui_kitTests" */;
			buildPhases = (
				C59B54122B11E62C00313C93 /* Sources */,
				C59B54132B11E62C00313C93 /* Frameworks */,
				C59B54142B11E62C00313C93 /* Resources */,
			);
			buildRules = (
			);
			dependencies = (
				C59B54182B11E62C00313C93 /* PBXTargetDependency */,
			);
			name = ui_kitTests;
			productName = ui_kitTests;
			productReference = C59B54162B11E62C00313C93 /* ui_kitTests.xctest */;
			productType = "com.apple.product-type.bundle.unit-test";
		};
		C59B541F2B11E62C00313C93 /* ui_kitUITests */ = {
			isa = PBXNativeTarget;
			buildConfigurationList = C59B54302B11E62C00313C93 /* Build configuration list for PBXNativeTarget "ui_kitUITests" */;
			buildPhases = (
				C59B541C2B11E62C00313C93 /* Sources */,
				C59B541D2B11E62C00313C93 /* Frameworks */,
				C59B541E2B11E62C00313C93 /* Resources */,
			);
			buildRules = (
			);
			dependencies = (
				C59B54222B11E62C00313C93 /* PBXTargetDependency */,
			);
			name = ui_kitUITests;
			productName = ui_kitUITests;
			productReference = C59B54202B11E62C00313C93 /* ui_kitUITests.xctest */;
			productType = "com.apple.product-type.bundle.ui-testing";
		};
/* End PBXNativeTarget section */

/* Begin PBXProject section */
		C59B53F82B11E62A00313C93 /* Project object */ = {
			isa = PBXProject;
			attributes = {
				BuildIndependentTargetsInParallel = 1;
				LastSwiftUpdateCheck = 1500;
				LastUpgradeCheck = 1500;
				TargetAttributes = {
					C59B53FF2B11E62A00313C93 = {
						CreatedOnToolsVersion = 15.0;
					};
					C59B54152B11E62C00313C93 = {
						CreatedOnToolsVersion = 15.0;
						TestTargetID = C59B53FF2B11E62A00313C93;
					};
					C59B541F2B11E62C00313C93 = {
						CreatedOnToolsVersion = 15.0;
						TestTargetID = C59B53FF2B11E62A00313C93;
					};
				};
			};
			buildConfigurationList = C59B53FB2B11E62A00313C93 /* Build configuration list for PBXProject "ui_kit" */;
			compatibilityVersion = "Xcode 14.0";
			developmentRegion = en;
			hasScannedForEncodings = 0;
			knownRegions = (
				en,
				Base,
			);
			mainGroup = C59B53F72B11E62A00313C93;
			packageReferences = (
			);
			productRefGroup = C59B54012B11E62A00313C93 /* Products */;
			projectDirPath = "";
			projectRoot = "";
			targets = (
				C59B53FF2B11E62A00313C93 /* ui_kit */,
				C59B54152B11E62C00313C93 /* ui_kitTests */,
				C59B541F2B11E62C00313C93 /* ui_kitUITests */,
			);
		};
/* End PBXProject section */

/* Begin PBXResourcesBuildPhase section */
		C59B53FE2B11E62A00313C93 /* Resources */ = {
			isa = PBXResourcesBuildPhase;
			buildActionMask = 2147483647;
			files = (
				C535AD282B11F4F6005A54CA /* Ticket.storyboard in Resources */,
				C535ADA72B24BD5A005A54CA /* Movie.storyboard in Resources */,
				C535AD362B182238005A54CA /* Calculator.storyboard in Resources */,
				C59B54102B11E62C00313C93 /* LaunchScreen.storyboard in Resources */,
				C59B540D2B11E62C00313C93 /* Assets.xcassets in Resources */,
				C59B540B2B11E62A00313C93 /* Main.storyboard in Resources */,
			);
			runOnlyForDeploymentPostprocessing = 0;
		};
		C59B54142B11E62C00313C93 /* Resources */ = {
			isa = PBXResourcesBuildPhase;
			buildActionMask = 2147483647;
			files = (
			);
			runOnlyForDeploymentPostprocessing = 0;
		};
		C59B541E2B11E62C00313C93 /* Resources */ = {
			isa = PBXResourcesBuildPhase;
			buildActionMask = 2147483647;
			files = (
			);
			runOnlyForDeploymentPostprocessing = 0;
		};
/* End PBXResourcesBuildPhase section */

/* Begin PBXSourcesBuildPhase section */
		C59B53FC2B11E62A00313C93 /* Sources */ = {
			isa = PBXSourcesBuildPhase;
			buildActionMask = 2147483647;
			files = (
				C59B54082B11E62A00313C93 /* ViewController.swift in Sources */,
				C535AD2D2B11F6B5005A54CA /* TicketViewController.swift in Sources */,
				C535AD8E2B1EC284005A54CA /* appStoryBoard.swift in Sources */,
				C535AD382B182249005A54CA /* CalculatorViewController.swift in Sources */,
				C535AD2F2B11F6E0005A54CA /* LogInViewController.swift in Sources */,
				C59B54042B11E62A00313C93 /* AppDelegate.swift in Sources */,
				C535ADB02B24BE70005A54CA /* movieData.swift in Sources */,
				C535AD8C2B1EC248005A54CA /* extensionUIVc.swift in Sources */,
				C535AD2B2B11F5E3005A54CA /* SignUpViewController.swift in Sources */,
				C535AD952B1F11D4005A54CA /* projectData.swift in Sources */,
				C535AD902B1F0C35005A54CA /* ProjectTableViewCell.swift in Sources */,
				C59B54062B11E62A00313C93 /* SceneDelegate.swift in Sources */,
				C535ADAB2B24BE1A005A54CA /* MovieCustomCell.swift in Sources */,
				C535ADA92B24BD75005A54CA /* MovieViewController.swift in Sources */,
				C535AD322B11F732005A54CA /* MakeGradientToButton.swift in Sources */,
				C535AD932B1F11A0005A54CA /* Project.swift in Sources */,
				C535ADA02B201ECA005A54CA /* codableExt.swift in Sources */,
				C535ADAE2B24BE53005A54CA /* Movie.swift in Sources */,
			);
			runOnlyForDeploymentPostprocessing = 0;
		};
		C59B54122B11E62C00313C93 /* Sources */ = {
			isa = PBXSourcesBuildPhase;
			buildActionMask = 2147483647;
			files = (
				C59B541B2B11E62C00313C93 /* ui_kitTests.swift in Sources */,
			);
			runOnlyForDeploymentPostprocessing = 0;
		};
		C59B541C2B11E62C00313C93 /* Sources */ = {
			isa = PBXSourcesBuildPhase;
			buildActionMask = 2147483647;
			files = (
				C59B54252B11E62C00313C93 /* ui_kitUITests.swift in Sources */,
				C59B54272B11E62C00313C93 /* ui_kitUITestsLaunchTests.swift in Sources */,
			);
			runOnlyForDeploymentPostprocessing = 0;
		};
/* End PBXSourcesBuildPhase section */

/* Begin PBXTargetDependency section */
		C59B54182B11E62C00313C93 /* PBXTargetDependency */ = {
			isa = PBXTargetDependency;
			target = C59B53FF2B11E62A00313C93 /* ui_kit */;
			targetProxy = C59B54172B11E62C00313C93 /* PBXContainerItemProxy */;
		};
		C59B54222B11E62C00313C93 /* PBXTargetDependency */ = {
			isa = PBXTargetDependency;
			target = C59B53FF2B11E62A00313C93 /* ui_kit */;
			targetProxy = C59B54212B11E62C00313C93 /* PBXContainerItemProxy */;
		};
/* End PBXTargetDependency section */

/* Begin PBXVariantGroup section */
		C59B54092B11E62A00313C93 /* Main.storyboard */ = {
			isa = PBXVariantGroup;
			children = (
				C59B540A2B11E62A00313C93 /* Base */,
			);
			name = Main.storyboard;
			sourceTree = "<group>";
		};
		C59B540E2B11E62C00313C93 /* LaunchScreen.storyboard */ = {
			isa = PBXVariantGroup;
			children = (
				C59B540F2B11E62C00313C93 /* Base */,
			);
			name = LaunchScreen.storyboard;
			sourceTree = "<group>";
		};
/* End PBXVariantGroup section */

/* Begin XCBuildConfiguration section */
		C59B54282B11E62C00313C93 /* Debug */ = {
			isa = XCBuildConfiguration;
			buildSettings = {
				ALWAYS_SEARCH_USER_PATHS = NO;
				ASSETCATALOG_COMPILER_GENERATE_SWIFT_ASSET_SYMBOL_EXTENSIONS = YES;
				CLANG_ANALYZER_NONNULL = YES;
				CLANG_ANALYZER_NUMBER_OBJECT_CONVERSION = YES_AGGRESSIVE;
				CLANG_CXX_LANGUAGE_STANDARD = "gnu++20";
				CLANG_ENABLE_MODULES = YES;
				CLANG_ENABLE_OBJC_ARC = YES;
				CLANG_ENABLE_OBJC_WEAK = YES;
				CLANG_WARN_BLOCK_CAPTURE_AUTORELEASING = YES;
				CLANG_WARN_BOOL_CONVERSION = YES;
				CLANG_WARN_COMMA = YES;
				CLANG_WARN_CONSTANT_CONVERSION = YES;
				CLANG_WARN_DEPRECATED_OBJC_IMPLEMENTATIONS = YES;
				CLANG_WARN_DIRECT_OBJC_ISA_USAGE = YES_ERROR;
				CLANG_WARN_DOCUMENTATION_COMMENTS = YES;
				CLANG_WARN_EMPTY_BODY = YES;
				CLANG_WARN_ENUM_CONVERSION = YES;
				CLANG_WARN_INFINITE_RECURSION = YES;
				CLANG_WARN_INT_CONVERSION = YES;
				CLANG_WARN_NON_LITERAL_NULL_CONVERSION = YES;
				CLANG_WARN_OBJC_IMPLICIT_RETAIN_SELF = YES;
				CLANG_WARN_OBJC_LITERAL_CONVERSION = YES;
				CLANG_WARN_OBJC_ROOT_CLASS = YES_ERROR;
				CLANG_WARN_QUOTED_INCLUDE_IN_FRAMEWORK_HEADER = YES;
				CLANG_WARN_RANGE_LOOP_ANALYSIS = YES;
				CLANG_WARN_STRICT_PROTOTYPES = YES;
				CLANG_WARN_SUSPICIOUS_MOVE = YES;
				CLANG_WARN_UNGUARDED_AVAILABILITY = YES_AGGRESSIVE;
				CLANG_WARN_UNREACHABLE_CODE = YES;
				CLANG_WARN__DUPLICATE_METHOD_MATCH = YES;
				COPY_PHASE_STRIP = NO;
				DEBUG_INFORMATION_FORMAT = dwarf;
				ENABLE_STRICT_OBJC_MSGSEND = YES;
				ENABLE_TESTABILITY = YES;
				ENABLE_USER_SCRIPT_SANDBOXING = YES;
				GCC_C_LANGUAGE_STANDARD = gnu17;
				GCC_DYNAMIC_NO_PIC = NO;
				GCC_NO_COMMON_BLOCKS = YES;
				GCC_OPTIMIZATION_LEVEL = 0;
				GCC_PREPROCESSOR_DEFINITIONS = (
					"DEBUG=1",
					"$(inherited)",
				);
				GCC_WARN_64_TO_32_BIT_CONVERSION = YES;
				GCC_WARN_ABOUT_RETURN_TYPE = YES_ERROR;
				GCC_WARN_UNDECLARED_SELECTOR = YES;
				GCC_WARN_UNINITIALIZED_AUTOS = YES_AGGRESSIVE;
				GCC_WARN_UNUSED_FUNCTION = YES;
				GCC_WARN_UNUSED_VARIABLE = YES;
				IPHONEOS_DEPLOYMENT_TARGET = 17.0;
				LOCALIZATION_PREFERS_STRING_CATALOGS = YES;
				MTL_ENABLE_DEBUG_INFO = INCLUDE_SOURCE;
				MTL_FAST_MATH = YES;
				ONLY_ACTIVE_ARCH = YES;
				SDKROOT = iphoneos;
				SWIFT_ACTIVE_COMPILATION_CONDITIONS = "DEBUG $(inherited)";
				SWIFT_OPTIMIZATION_LEVEL = "-Onone";
			};
			name = Debug;
		};
		C59B54292B11E62C00313C93 /* Release */ = {
			isa = XCBuildConfiguration;
			buildSettings = {
				ALWAYS_SEARCH_USER_PATHS = NO;
				ASSETCATALOG_COMPILER_GENERATE_SWIFT_ASSET_SYMBOL_EXTENSIONS = YES;
				CLANG_ANALYZER_NONNULL = YES;
				CLANG_ANALYZER_NUMBER_OBJECT_CONVERSION = YES_AGGRESSIVE;
				CLANG_CXX_LANGUAGE_STANDARD = "gnu++20";
				CLANG_ENABLE_MODULES = YES;
				CLANG_ENABLE_OBJC_ARC = YES;
				CLANG_ENABLE_OBJC_WEAK = YES;
				CLANG_WARN_BLOCK_CAPTURE_AUTORELEASING = YES;
				CLANG_WARN_BOOL_CONVERSION = YES;
				CLANG_WARN_COMMA = YES;
				CLANG_WARN_CONSTANT_CONVERSION = YES;
				CLANG_WARN_DEPRECATED_OBJC_IMPLEMENTATIONS = YES;
				CLANG_WARN_DIRECT_OBJC_ISA_USAGE = YES_ERROR;
				CLANG_WARN_DOCUMENTATION_COMMENTS = YES;
				CLANG_WARN_EMPTY_BODY = YES;
				CLANG_WARN_ENUM_CONVERSION = YES;
				CLANG_WARN_INFINITE_RECURSION = YES;
				CLANG_WARN_INT_CONVERSION = YES;
				CLANG_WARN_NON_LITERAL_NULL_CONVERSION = YES;
				CLANG_WARN_OBJC_IMPLICIT_RETAIN_SELF = YES;
				CLANG_WARN_OBJC_LITERAL_CONVERSION = YES;
				CLANG_WARN_OBJC_ROOT_CLASS = YES_ERROR;
				CLANG_WARN_QUOTED_INCLUDE_IN_FRAMEWORK_HEADER = YES;
				CLANG_WARN_RANGE_LOOP_ANALYSIS = YES;
				CLANG_WARN_STRICT_PROTOTYPES = YES;
				CLANG_WARN_SUSPICIOUS_MOVE = YES;
				CLANG_WARN_UNGUARDED_AVAILABILITY = YES_AGGRESSIVE;
				CLANG_WARN_UNREACHABLE_CODE = YES;
				CLANG_WARN__DUPLICATE_METHOD_MATCH = YES;
				COPY_PHASE_STRIP = NO;
				DEBUG_INFORMATION_FORMAT = "dwarf-with-dsym";
				ENABLE_NS_ASSERTIONS = NO;
				ENABLE_STRICT_OBJC_MSGSEND = YES;
				ENABLE_USER_SCRIPT_SANDBOXING = YES;
				GCC_C_LANGUAGE_STANDARD = gnu17;
				GCC_NO_COMMON_BLOCKS = YES;
				GCC_WARN_64_TO_32_BIT_CONVERSION = YES;
				GCC_WARN_ABOUT_RETURN_TYPE = YES_ERROR;
				GCC_WARN_UNDECLARED_SELECTOR = YES;
				GCC_WARN_UNINITIALIZED_AUTOS = YES_AGGRESSIVE;
				GCC_WARN_UNUSED_FUNCTION = YES;
				GCC_WARN_UNUSED_VARIABLE = YES;
				IPHONEOS_DEPLOYMENT_TARGET = 17.0;
				LOCALIZATION_PREFERS_STRING_CATALOGS = YES;
				MTL_ENABLE_DEBUG_INFO = NO;
				MTL_FAST_MATH = YES;
				SDKROOT = iphoneos;
				SWIFT_COMPILATION_MODE = wholemodule;
				VALIDATE_PRODUCT = YES;
			};
			name = Release;
		};
		C59B542B2B11E62C00313C93 /* Debug */ = {
			isa = XCBuildConfiguration;
			buildSettings = {
				ASSETCATALOG_COMPILER_APPICON_NAME = AppIcon;
				ASSETCATALOG_COMPILER_GLOBAL_ACCENT_COLOR_NAME = AccentColor;
				CODE_SIGN_STYLE = Automatic;
				CURRENT_PROJECT_VERSION = 1;
				DEVELOPMENT_TEAM = KV37RUS9M5;
				GENERATE_INFOPLIST_FILE = YES;
				INFOPLIST_FILE = ui_kit/Info.plist;
				INFOPLIST_KEY_UIApplicationSupportsIndirectInputEvents = YES;
				INFOPLIST_KEY_UILaunchStoryboardName = LaunchScreen;
				INFOPLIST_KEY_UIMainStoryboardFile = Main;
				INFOPLIST_KEY_UISupportedInterfaceOrientations_iPad = "UIInterfaceOrientationPortrait UIInterfaceOrientationPortraitUpsideDown UIInterfaceOrientationLandscapeLeft UIInterfaceOrientationLandscapeRight";
				INFOPLIST_KEY_UISupportedInterfaceOrientations_iPhone = "UIInterfaceOrientationPortrait UIInterfaceOrientationLandscapeLeft UIInterfaceOrientationLandscapeRight";
				LD_RUNPATH_SEARCH_PATHS = (
					"$(inherited)",
					"@executable_path/Frameworks",
				);
				MARKETING_VERSION = 1.0;
				PRODUCT_BUNDLE_IDENTIFIER = "com.jackwill.ui-kit";
				PRODUCT_NAME = "$(TARGET_NAME)";
				SWIFT_EMIT_LOC_STRINGS = YES;
				SWIFT_VERSION = 5.0;
				TARGETED_DEVICE_FAMILY = "1,2";
			};
			name = Debug;
		};
		C59B542C2B11E62C00313C93 /* Release */ = {
			isa = XCBuildConfiguration;
			buildSettings = {
				ASSETCATALOG_COMPILER_APPICON_NAME = AppIcon;
				ASSETCATALOG_COMPILER_GLOBAL_ACCENT_COLOR_NAME = AccentColor;
				CODE_SIGN_STYLE = Automatic;
				CURRENT_PROJECT_VERSION = 1;
				DEVELOPMENT_TEAM = KV37RUS9M5;
				GENERATE_INFOPLIST_FILE = YES;
				INFOPLIST_FILE = ui_kit/Info.plist;
				INFOPLIST_KEY_UIApplicationSupportsIndirectInputEvents = YES;
				INFOPLIST_KEY_UILaunchStoryboardName = LaunchScreen;
				INFOPLIST_KEY_UIMainStoryboardFile = Main;
				INFOPLIST_KEY_UISupportedInterfaceOrientations_iPad = "UIInterfaceOrientationPortrait UIInterfaceOrientationPortraitUpsideDown UIInterfaceOrientationLandscapeLeft UIInterfaceOrientationLandscapeRight";
				INFOPLIST_KEY_UISupportedInterfaceOrientations_iPhone = "UIInterfaceOrientationPortrait UIInterfaceOrientationLandscapeLeft UIInterfaceOrientationLandscapeRight";
				LD_RUNPATH_SEARCH_PATHS = (
					"$(inherited)",
					"@executable_path/Frameworks",
				);
				MARKETING_VERSION = 1.0;
				PRODUCT_BUNDLE_IDENTIFIER = "com.jackwill.ui-kit";
				PRODUCT_NAME = "$(TARGET_NAME)";
				SWIFT_EMIT_LOC_STRINGS = YES;
				SWIFT_VERSION = 5.0;
				TARGETED_DEVICE_FAMILY = "1,2";
			};
			name = Release;
		};
		C59B542E2B11E62C00313C93 /* Debug */ = {
			isa = XCBuildConfiguration;
			buildSettings = {
				ALWAYS_EMBED_SWIFT_STANDARD_LIBRARIES = YES;
				BUNDLE_LOADER = "$(TEST_HOST)";
				CODE_SIGN_STYLE = Automatic;
				CURRENT_PROJECT_VERSION = 1;
				DEVELOPMENT_TEAM = KV37RUS9M5;
				GENERATE_INFOPLIST_FILE = YES;
				IPHONEOS_DEPLOYMENT_TARGET = 17.0;
				MARKETING_VERSION = 1.0;
				PRODUCT_BUNDLE_IDENTIFIER = "com.jackwill.ui-kitTests";
				PRODUCT_NAME = "$(TARGET_NAME)";
				SWIFT_EMIT_LOC_STRINGS = NO;
				SWIFT_VERSION = 5.0;
				TARGETED_DEVICE_FAMILY = "1,2";
				TEST_HOST = "$(BUILT_PRODUCTS_DIR)/ui_kit.app/$(BUNDLE_EXECUTABLE_FOLDER_PATH)/ui_kit";
			};
			name = Debug;
		};
		C59B542F2B11E62C00313C93 /* Release */ = {
			isa = XCBuildConfiguration;
			buildSettings = {
				ALWAYS_EMBED_SWIFT_STANDARD_LIBRARIES = YES;
				BUNDLE_LOADER = "$(TEST_HOST)";
				CODE_SIGN_STYLE = Automatic;
				CURRENT_PROJECT_VERSION = 1;
				DEVELOPMENT_TEAM = KV37RUS9M5;
				GENERATE_INFOPLIST_FILE = YES;
				IPHONEOS_DEPLOYMENT_TARGET = 17.0;
				MARKETING_VERSION = 1.0;
				PRODUCT_BUNDLE_IDENTIFIER = "com.jackwill.ui-kitTests";
				PRODUCT_NAME = "$(TARGET_NAME)";
				SWIFT_EMIT_LOC_STRINGS = NO;
				SWIFT_VERSION = 5.0;
				TARGETED_DEVICE_FAMILY = "1,2";
				TEST_HOST = "$(BUILT_PRODUCTS_DIR)/ui_kit.app/$(BUNDLE_EXECUTABLE_FOLDER_PATH)/ui_kit";
			};
			name = Release;
		};
		C59B54312B11E62C00313C93 /* Debug */ = {
			isa = XCBuildConfiguration;
			buildSettings = {
				ALWAYS_EMBED_SWIFT_STANDARD_LIBRARIES = YES;
				CODE_SIGN_STYLE = Automatic;
				CURRENT_PROJECT_VERSION = 1;
				DEVELOPMENT_TEAM = KV37RUS9M5;
				GENERATE_INFOPLIST_FILE = YES;
				MARKETING_VERSION = 1.0;
				PRODUCT_BUNDLE_IDENTIFIER = "com.jackwill.ui-kitUITests";
				PRODUCT_NAME = "$(TARGET_NAME)";
				SWIFT_EMIT_LOC_STRINGS = NO;
				SWIFT_VERSION = 5.0;
				TARGETED_DEVICE_FAMILY = "1,2";
				TEST_TARGET_NAME = ui_kit;
			};
			name = Debug;
		};
		C59B54322B11E62C00313C93 /* Release */ = {
			isa = XCBuildConfiguration;
			buildSettings = {
				ALWAYS_EMBED_SWIFT_STANDARD_LIBRARIES = YES;
				CODE_SIGN_STYLE = Automatic;
				CURRENT_PROJECT_VERSION = 1;
				DEVELOPMENT_TEAM = KV37RUS9M5;
				GENERATE_INFOPLIST_FILE = YES;
				MARKETING_VERSION = 1.0;
				PRODUCT_BUNDLE_IDENTIFIER = "com.jackwill.ui-kitUITests";
				PRODUCT_NAME = "$(TARGET_NAME)";
				SWIFT_EMIT_LOC_STRINGS = NO;
				SWIFT_VERSION = 5.0;
				TARGETED_DEVICE_FAMILY = "1,2";
				TEST_TARGET_NAME = ui_kit;
			};
			name = Release;
		};
/* End XCBuildConfiguration section */

/* Begin XCConfigurationList section */
		C59B53FB2B11E62A00313C93 /* Build configuration list for PBXProject "ui_kit" */ = {
			isa = XCConfigurationList;
			buildConfigurations = (
				C59B54282B11E62C00313C93 /* Debug */,
				C59B54292B11E62C00313C93 /* Release */,
			);
			defaultConfigurationIsVisible = 0;
			defaultConfigurationName = Release;
		};
		C59B542A2B11E62C00313C93 /* Build configuration list for PBXNativeTarget "ui_kit" */ = {
			isa = XCConfigurationList;
			buildConfigurations = (
				C59B542B2B11E62C00313C93 /* Debug */,
				C59B542C2B11E62C00313C93 /* Release */,
			);
			defaultConfigurationIsVisible = 0;
			defaultConfigurationName = Release;
		};
		C59B542D2B11E62C00313C93 /* Build configuration list for PBXNativeTarget "ui_kitTests" */ = {
			isa = XCConfigurationList;
			buildConfigurations = (
				C59B542E2B11E62C00313C93 /* Debug */,
				C59B542F2B11E62C00313C93 /* Release */,
			);
			defaultConfigurationIsVisible = 0;
			defaultConfigurationName = Release;
		};
		C59B54302B11E62C00313C93 /* Build configuration list for PBXNativeTarget "ui_kitUITests" */ = {
			isa = XCConfigurationList;
			buildConfigurations = (
				C59B54312B11E62C00313C93 /* Debug */,
				C59B54322B11E62C00313C93 /* Release */,
			);
			defaultConfigurationIsVisible = 0;
			defaultConfigurationName = Release;
		};
/* End XCConfigurationList section */
	};
	rootObject = C59B53F82B11E62A00313C93 /* Project object */;
}
